<?xml version="1.0" encoding="utf-8"?>
<Project ToolsVersion="4.0" xmlns="http://schemas.microsoft.com/developer/msbuild/2003">
  <ItemGroup>
    <Filter Include="Source Files">
      <UniqueIdentifier>{4FC737F1-C7A5-4376-A066-2A32D752A2FF}</UniqueIdentifier>
      <Extensions>cpp;c;cc;cxx;c++;cppm;ixx;def;odl;idl;hpj;bat;asm;asmx</Extensions>
    </Filter>
    <Filter Include="Header Files">
      <UniqueIdentifier>{93995380-89BD-4b04-88EB-625FBE52EBFB}</UniqueIdentifier>
      <Extensions>h;hh;hpp;hxx;h++;hm;inl;inc;ipp;xsd</Extensions>
    </Filter>
    <Filter Include="Resource Files">
      <UniqueIdentifier>{67DA6AB6-F800-4c08-8B7A-83BB121AAD01}</UniqueIdentifier>
      <Extensions>rc;ico;cur;bmp;dlg;rc2;rct;bin;rgs;gif;jpg;jpeg;jpe;resx;tiff;tif;png;wav;mfcribbon-ms</Extensions>
    </Filter>
    <Filter Include="Source Files\minifb">
      <UniqueIdentifier>{0fbec3af-b0f7-4194-a468-ecdcfcb2b7b0}</UniqueIdentifier>
    </Filter>
    <Filter Include="Source Files\minifb\windows">
      <UniqueIdentifier>{58702246-f1de-43fb-81e2-d41dbf94acb7}</UniqueIdentifier>
    </Filter>
  </ItemGroup>
  <ItemGroup>
    <ClCompile Include="main.cpp">
      <Filter>Source Files</Filter>
    </ClCompile>
    <ClCompile Include="Maths.cpp">
      <Filter>Source Files</Filter>
    </ClCompile>
    <ClCompile Include="MiniFB_common.c">
      <Filter>Source Files\minifb</Filter>
    </ClCompile>
    <ClCompile Include="MiniFB_cpp.cpp">
      <Filter>Source Files\minifb</Filter>
    </ClCompile>
    <ClCompile Include="MiniFB_internal.c">
      <Filter>Source Files\minifb</Filter>
    </ClCompile>
    <ClCompile Include="MiniFB_timer.c">
      <Filter>Source Files\minifb</Filter>
    </ClCompile>
    <ClCompile Include="windows\WinMiniFB.c">
      <Filter>Source Files\minifb\windows</Filter>
    </ClCompile>
    <ClCompile Include="Window.cpp">
      <Filter>Source Files</Filter>
    </ClCompile>
  </ItemGroup>
  <ItemGroup>
    <ClInclude Include="Maths.h">
      <Filter>Header Files</Filter>
    </ClInclude>
    <ClInclude Include="MiniFB_internal.h">
      <Filter>Source Files\minifb</Filter>
    </ClInclude>
    <ClInclude Include="WindowData.h">
      <Filter>Source Files\minifb</Filter>
    </ClInclude>
    <ClInclude Include="windows\WindowData_Win.h">
      <Filter>Source Files\minifb\windows</Filter>
    </ClInclude>
    <ClInclude Include="Window.h">
      <Filter>Header Files</Filter>
    </ClInclude>
  </ItemGroup>
</Project>